{
    "name": "@vandenberghinc/vlib",
    "version": "1.3.1",
    "lockfileVersion": 3,
    "requires": true,
    "packages": {
        "": {
            "name": "@vandenberghinc/vlib",
            "version": "1.3.1",
            "dependencies": {
                "bson": "^6.8.0",
                "diskusage": "^1.2.0",
                "fs-extra": "^11.2.0",
                "https": "^1.0.0",
                "systeminformation": "^5.23.5",
                "ws": "^8.18.0",
                "zlib": "^1.0.5"
            }
        },
        "node_modules/bson": {
            "version": "6.8.0",
            "resolved": "https://registry.npmjs.org/bson/-/bson-6.8.0.tgz",
            "integrity": "sha512-iOJg8pr7wq2tg/zSlCCHMi3hMm5JTOxLTagf3zxhcenHsFp+c6uOs6K7W5UE7A4QIJGtqh/ZovFNMP4mOPJynQ==",
            "license": "Apache-2.0",
            "engines": {
                "node": ">=16.20.1"
            }
        },
        "node_modules/diskusage": {
            "version": "1.2.0",
            "resolved": "https://registry.npmjs.org/diskusage/-/diskusage-1.2.0.tgz",
            "integrity": "sha512-2u3OG3xuf5MFyzc4MctNRUKjjwK+UkovRYdD2ed/NZNZPrt0lqHnLKxGhlFVvAb4/oufIgQG3nWgwmeTbHOvXA==",
            "hasInstallScript": true,
            "license": "MIT",
            "dependencies": {
                "es6-promise": "^4.2.8",
                "nan": "^2.18.0"
            }
        },
        "node_modules/es6-promise": {
            "version": "4.2.8",
            "resolved": "https://registry.npmjs.org/es6-promise/-/es6-promise-4.2.8.tgz",
            "integrity": "sha512-HJDGx5daxeIvxdBxvG2cb9g4tEvwIk3i8+nhX0yGrYmZUzbkdg8QbDevheDB8gd0//uPj4c1EQua8Q+MViT0/w==",
            "license": "MIT"
        },
        "node_modules/fs-extra": {
            "version": "11.2.0",
            "resolved": "https://registry.npmjs.org/fs-extra/-/fs-extra-11.2.0.tgz",
            "integrity": "sha512-PmDi3uwK5nFuXh7XDTlVnS17xJS7vW36is2+w3xcv8SVxiB4NyATf4ctkVY5bkSjX0Y4nbvZCq1/EjtEyr9ktw==",
            "license": "MIT",
            "dependencies": {
                "graceful-fs": "^4.2.0",
                "jsonfile": "^6.0.1",
                "universalify": "^2.0.0"
            },
            "engines": {
                "node": ">=14.14"
            }
        },
        "node_modules/graceful-fs": {
            "version": "4.2.11",
            "resolved": "https://registry.npmjs.org/graceful-fs/-/graceful-fs-4.2.11.tgz",
            "integrity": "sha512-RbJ5/jmFcNNCcDV5o9eTnBLJ/HszWV0P73bc+Ff4nS/rJj+YaS6IGyiOL0VoBYX+l1Wrl3k63h/KrH+nhJ0XvQ==",
            "license": "ISC"
        },
        "node_modules/https": {
            "version": "1.0.0",
            "resolved": "https://registry.npmjs.org/https/-/https-1.0.0.tgz",
            "integrity": "sha512-4EC57ddXrkaF0x83Oj8sM6SLQHAWXw90Skqu2M4AEWENZ3F02dFJE/GARA8igO79tcgYqGrD7ae4f5L3um2lgg==",
            "license": "ISC"
        },
        "node_modules/jsonfile": {
            "version": "6.1.0",
            "resolved": "https://registry.npmjs.org/jsonfile/-/jsonfile-6.1.0.tgz",
            "integrity": "sha512-5dgndWOriYSm5cnYaJNhalLNDKOqFwyDB/rr1E9ZsGciGvKPs8R2xYGCacuf3z6K1YKDz182fd+fY3cn3pMqXQ==",
            "license": "MIT",
            "dependencies": {
                "universalify": "^2.0.0"
            },
            "optionalDependencies": {
                "graceful-fs": "^4.1.6"
            }
        },
        "node_modules/nan": {
            "version": "2.20.0",
            "resolved": "https://registry.npmjs.org/nan/-/nan-2.20.0.tgz",
            "integrity": "sha512-bk3gXBZDGILuuo/6sKtr0DQmSThYHLtNCdSdXk9YkxD/jK6X2vmCyyXBBxyqZ4XcnzTyYEAThfX3DCEnLf6igw==",
            "license": "MIT"
        },
        "node_modules/systeminformation": {
            "version": "5.23.5",
            "resolved": "https://registry.npmjs.org/systeminformation/-/systeminformation-5.23.5.tgz",
            "integrity": "sha512-PEpJwhRYxZgBCAlWZhWIgfMTjXLqfcaZ1pJsJn9snWNfBW/Z1YQg1mbIUSWrEV3ErAHF7l/OoVLQeaZDlPzkpA==",
            "license": "MIT",
            "os": [
                "darwin",
                "linux",
                "win32",
                "freebsd",
                "openbsd",
                "netbsd",
                "sunos",
                "android"
            ],
            "bin": {
                "systeminformation": "lib/cli.js"
            },
            "engines": {
                "node": ">=8.0.0"
            },
            "funding": {
                "type": "Buy me a coffee",
                "url": "https://www.buymeacoffee.com/systeminfo"
            }
        },
        "node_modules/universalify": {
            "version": "2.0.1",
            "resolved": "https://registry.npmjs.org/universalify/-/universalify-2.0.1.tgz",
            "integrity": "sha512-gptHNQghINnc/vTGIk0SOFGFNXw7JVrlRUtConJRlvaw6DuX0wO5Jeko9sWrMBhh+PsYAZ7oXAiOnf/UKogyiw==",
            "license": "MIT",
            "engines": {
                "node": ">= 10.0.0"
            }
        },
        "node_modules/ws": {
            "version": "8.18.0",
            "resolved": "https://registry.npmjs.org/ws/-/ws-8.18.0.tgz",
            "integrity": "sha512-8VbfWfHLbbwu3+N6OKsOMpBdT4kXPDDB9cJk2bJ6mh9ucxdlnNvH1e+roYkKmN9Nxw2yjz7VzeO9oOz2zJ04Pw==",
            "license": "MIT",
            "engines": {
                "node": ">=10.0.0"
            },
            "peerDependencies": {
                "bufferutil": "^4.0.1",
                "utf-8-validate": ">=5.0.2"
            },
            "peerDependenciesMeta": {
                "bufferutil": {
                    "optional": true
                },
                "utf-8-validate": {
                    "optional": true
                }
            }
        },
        "node_modules/zlib": {
            "version": "1.0.5",
            "resolved": "https://registry.npmjs.org/zlib/-/zlib-1.0.5.tgz",
            "integrity": "sha512-40fpE2II+Cd3k8HWTWONfeKE2jL+P42iWJ1zzps5W51qcTsOUKM5Q5m2PFb0CLxlmFAaUuUdJGc3OfZy947v0w==",
            "hasInstallScript": true,
            "engines": {
                "node": ">=0.2.0"
            }
        }
    }
}
