// !$*UTF8*$!
{
	archiveVersion = 1;
	classes = {
	};
	objectVersion = 56;
	objects = {

/* Begin PBXBuildFile section */
		C3E52A132A505E0A00BC2829 /* main.cpp in Sources */ = {isa = PBXBuildFile; fileRef = C3E52A122A505E0A00BC2829 /* main.cpp */; };
/* End PBXBuildFile section */

/* Begin PBXCopyFilesBuildPhase section */
		C36364B128E4E52F00AB52BB /* CopyFiles */ = {
			isa = PBXCopyFilesBuildPhase;
			buildActionMask = 2147483647;
			dstPath = /usr/share/man/man1/;
			dstSubfolderSpec = 0;
			files = (
			);
			runOnlyForDeploymentPostprocessing = 1;
		};
/* End PBXCopyFilesBuildPhase section */

/* Begin PBXFileReference section */
		C36364B328E4E52F00AB52BB /* vlib */ = {isa = PBXFileReference; explicitFileType = "compiled.mach-o.executable"; includeInIndex = 0; path = vlib; sourceTree = BUILT_PRODUCTS_DIR; };
		C3E52A082A4F471200BC2829 /* include */ = {isa = PBXFileReference; lastKnownFileType = folder; name = include; path = ../include; sourceTree = "<group>"; };
		C3E52A092A4F471E00BC2829 /* README.md */ = {isa = PBXFileReference; lastKnownFileType = net.daringfireball.markdown; name = README.md; path = ../README.md; sourceTree = "<group>"; };
		C3E52A0A2A4F474100BC2829 /* .gitignore */ = {isa = PBXFileReference; lastKnownFileType = text; name = .gitignore; path = ../.gitignore; sourceTree = "<group>"; };
		C3E52A0C2A504CF800BC2829 /* dev */ = {isa = PBXFileReference; lastKnownFileType = folder; name = dev; sourceTree = "<group>"; };
		C3E52A0D2A504D5B00BC2829 /* .github */ = {isa = PBXFileReference; lastKnownFileType = folder; name = .github; path = ../.github; sourceTree = "<group>"; };
		C3E52A122A505E0A00BC2829 /* main.cpp */ = {isa = PBXFileReference; lastKnownFileType = sourcecode.cpp.cpp; path = main.cpp; sourceTree = "<group>"; };
/* End PBXFileReference section */

/* Begin PBXFrameworksBuildPhase section */
		C36364B028E4E52F00AB52BB /* Frameworks */ = {
			isa = PBXFrameworksBuildPhase;
			buildActionMask = 2147483647;
			files = (
			);
			runOnlyForDeploymentPostprocessing = 0;
		};
/* End PBXFrameworksBuildPhase section */

/* Begin PBXGroup section */
		C36364AA28E4E52F00AB52BB = {
			isa = PBXGroup;
			children = (
				C3E52A122A505E0A00BC2829 /* main.cpp */,
				C3E52A0A2A4F474100BC2829 /* .gitignore */,
				C3E52A092A4F471E00BC2829 /* README.md */,
				C3E52A082A4F471200BC2829 /* include */,
				C3E52A0C2A504CF800BC2829 /* dev */,
				C3E52A0D2A504D5B00BC2829 /* .github */,
				C36364B428E4E52F00AB52BB /* Products */,
			);
			sourceTree = "<group>";
		};
		C36364B428E4E52F00AB52BB /* Products */ = {
			isa = PBXGroup;
			children = (
				C36364B328E4E52F00AB52BB /* vlib */,
			);
			name = Products;
			sourceTree = "<group>";
		};
/* End PBXGroup section */

/* Begin PBXNativeTarget section */
		C36364B228E4E52F00AB52BB /* vlib */ = {
			isa = PBXNativeTarget;
			buildConfigurationList = C36364BA28E4E52F00AB52BB /* Build configuration list for PBXNativeTarget "vlib" */;
			buildPhases = (
				C36364AF28E4E52F00AB52BB /* Sources */,
				C36364B028E4E52F00AB52BB /* Frameworks */,
				C36364B128E4E52F00AB52BB /* CopyFiles */,
			);
			buildRules = (
			);
			dependencies = (
			);
			name = vlib;
			productName = vlib;
			productReference = C36364B328E4E52F00AB52BB /* vlib */;
			productType = "com.apple.product-type.tool";
		};
/* End PBXNativeTarget section */

/* Begin PBXProject section */
		C36364AB28E4E52F00AB52BB /* Project object */ = {
			isa = PBXProject;
			attributes = {
				BuildIndependentTargetsInParallel = 1;
				LastUpgradeCheck = 1400;
				TargetAttributes = {
					C36364B228E4E52F00AB52BB = {
						CreatedOnToolsVersion = 14.0.1;
					};
				};
			};
			buildConfigurationList = C36364AE28E4E52F00AB52BB /* Build configuration list for PBXProject "vlib" */;
			compatibilityVersion = "Xcode 14.0";
			developmentRegion = en;
			hasScannedForEncodings = 0;
			knownRegions = (
				en,
				Base,
			);
			mainGroup = C36364AA28E4E52F00AB52BB;
			productRefGroup = C36364B428E4E52F00AB52BB /* Products */;
			projectDirPath = "";
			projectRoot = "";
			targets = (
				C36364B228E4E52F00AB52BB /* vlib */,
			);
		};
/* End PBXProject section */

/* Begin PBXSourcesBuildPhase section */
		C36364AF28E4E52F00AB52BB /* Sources */ = {
			isa = PBXSourcesBuildPhase;
			buildActionMask = 2147483647;
			files = (
				C3E52A132A505E0A00BC2829 /* main.cpp in Sources */,
			);
			runOnlyForDeploymentPostprocessing = 0;
		};
/* End PBXSourcesBuildPhase section */

/* Begin XCBuildConfiguration section */
		C36364B828E4E52F00AB52BB /* Debug */ = {
			isa = XCBuildConfiguration;
			buildSettings = {
				ALWAYS_SEARCH_USER_PATHS = NO;
				CLANG_ANALYZER_NONNULL = YES;
				CLANG_ANALYZER_NUMBER_OBJECT_CONVERSION = YES_AGGRESSIVE;
				CLANG_CXX_LANGUAGE_STANDARD = "gnu++20";
				CLANG_ENABLE_CPP_STATIC_DESTRUCTORS = NO;
				CLANG_ENABLE_MODULES = YES;
				CLANG_ENABLE_OBJC_ARC = YES;
				CLANG_ENABLE_OBJC_WEAK = YES;
				CLANG_WARN_BLOCK_CAPTURE_AUTORELEASING = YES;
				CLANG_WARN_BOOL_CONVERSION = YES;
				CLANG_WARN_COMMA = YES;
				CLANG_WARN_CONSTANT_CONVERSION = YES;
				CLANG_WARN_DEPRECATED_OBJC_IMPLEMENTATIONS = YES;
				CLANG_WARN_DIRECT_OBJC_ISA_USAGE = YES_ERROR;
				CLANG_WARN_DOCUMENTATION_COMMENTS = YES;
				CLANG_WARN_EMPTY_BODY = YES;
				CLANG_WARN_ENUM_CONVERSION = YES;
				CLANG_WARN_INFINITE_RECURSION = YES;
				CLANG_WARN_INT_CONVERSION = YES;
				CLANG_WARN_NON_LITERAL_NULL_CONVERSION = YES;
				CLANG_WARN_OBJC_IMPLICIT_RETAIN_SELF = YES;
				CLANG_WARN_OBJC_LITERAL_CONVERSION = YES;
				CLANG_WARN_OBJC_ROOT_CLASS = YES_ERROR;
				CLANG_WARN_QUOTED_INCLUDE_IN_FRAMEWORK_HEADER = YES;
				CLANG_WARN_RANGE_LOOP_ANALYSIS = YES;
				CLANG_WARN_STRICT_PROTOTYPES = YES;
				CLANG_WARN_SUSPICIOUS_MOVE = YES;
				CLANG_WARN_UNGUARDED_AVAILABILITY = YES_AGGRESSIVE;
				CLANG_WARN_UNREACHABLE_CODE = YES;
				CLANG_WARN__DUPLICATE_METHOD_MATCH = YES;
				CLANG_WARN__EXIT_TIME_DESTRUCTORS = NO;
				COPY_PHASE_STRIP = NO;
				DEBUG_INFORMATION_FORMAT = dwarf;
				ENABLE_STRICT_OBJC_MSGSEND = YES;
				ENABLE_TESTABILITY = YES;
				GCC_C_LANGUAGE_STANDARD = gnu11;
				GCC_DYNAMIC_NO_PIC = NO;
				GCC_NO_COMMON_BLOCKS = YES;
				GCC_OPTIMIZATION_LEVEL = 0;
				GCC_PREPROCESSOR_DEFINITIONS = (
					"DEBUG=1",
					"$(inherited)",
				);
				GCC_WARN_64_TO_32_BIT_CONVERSION = YES;
				GCC_WARN_ABOUT_RETURN_TYPE = YES_ERROR;
				GCC_WARN_UNDECLARED_SELECTOR = YES;
				GCC_WARN_UNINITIALIZED_AUTOS = YES_AGGRESSIVE;
				GCC_WARN_UNUSED_FUNCTION = YES;
				GCC_WARN_UNUSED_VARIABLE = YES;
				HEADER_SEARCH_PATHS = (
					/usr/local/include/,
					"/usr/local/opt/openssl@3/include/",
					"/opt/homebrew/opt/openssl@3/include/",
				);
				LIBRARY_SEARCH_PATHS = (
					"/usr/local/opt/openssl@3/lib/",
					"/opt/homebrew/opt/openssl@3/lib/",
				);
				MACOSX_DEPLOYMENT_TARGET = 12.3;
				MTL_ENABLE_DEBUG_INFO = INCLUDE_SOURCE;
				MTL_FAST_MATH = YES;
				ONLY_ACTIVE_ARCH = YES;
				OTHER_CPLUSPLUSFLAGS = (
					"-g",
					"-Wall",
					"-Wextra",
					"-Winvalid-constexpr",
					"-std=c++20",
					"-Og",
					"-fno-limit-debug-info",
				);
				OTHER_LDFLAGS = (
					"-lz",
					"-lssl",
					"-lcrypto",
				);
				SDKROOT = macosx;
			};
			name = Debug;
		};
		C36364B928E4E52F00AB52BB /* Release */ = {
			isa = XCBuildConfiguration;
			buildSettings = {
				ALWAYS_SEARCH_USER_PATHS = NO;
				CLANG_ANALYZER_NONNULL = YES;
				CLANG_ANALYZER_NUMBER_OBJECT_CONVERSION = YES_AGGRESSIVE;
				CLANG_CXX_LANGUAGE_STANDARD = "gnu++20";
				CLANG_ENABLE_CPP_STATIC_DESTRUCTORS = NO;
				CLANG_ENABLE_MODULES = YES;
				CLANG_ENABLE_OBJC_ARC = YES;
				CLANG_ENABLE_OBJC_WEAK = YES;
				CLANG_WARN_BLOCK_CAPTURE_AUTORELEASING = YES;
				CLANG_WARN_BOOL_CONVERSION = YES;
				CLANG_WARN_COMMA = YES;
				CLANG_WARN_CONSTANT_CONVERSION = YES;
				CLANG_WARN_DEPRECATED_OBJC_IMPLEMENTATIONS = YES;
				CLANG_WARN_DIRECT_OBJC_ISA_USAGE = YES_ERROR;
				CLANG_WARN_DOCUMENTATION_COMMENTS = YES;
				CLANG_WARN_EMPTY_BODY = YES;
				CLANG_WARN_ENUM_CONVERSION = YES;
				CLANG_WARN_INFINITE_RECURSION = YES;
				CLANG_WARN_INT_CONVERSION = YES;
				CLANG_WARN_NON_LITERAL_NULL_CONVERSION = YES;
				CLANG_WARN_OBJC_IMPLICIT_RETAIN_SELF = YES;
				CLANG_WARN_OBJC_LITERAL_CONVERSION = YES;
				CLANG_WARN_OBJC_ROOT_CLASS = YES_ERROR;
				CLANG_WARN_QUOTED_INCLUDE_IN_FRAMEWORK_HEADER = YES;
				CLANG_WARN_RANGE_LOOP_ANALYSIS = YES;
				CLANG_WARN_STRICT_PROTOTYPES = YES;
				CLANG_WARN_SUSPICIOUS_MOVE = YES;
				CLANG_WARN_UNGUARDED_AVAILABILITY = YES_AGGRESSIVE;
				CLANG_WARN_UNREACHABLE_CODE = YES;
				CLANG_WARN__DUPLICATE_METHOD_MATCH = YES;
				CLANG_WARN__EXIT_TIME_DESTRUCTORS = NO;
				COPY_PHASE_STRIP = NO;
				DEBUG_INFORMATION_FORMAT = "dwarf-with-dsym";
				ENABLE_NS_ASSERTIONS = NO;
				ENABLE_STRICT_OBJC_MSGSEND = YES;
				GCC_C_LANGUAGE_STANDARD = gnu11;
				GCC_NO_COMMON_BLOCKS = YES;
				GCC_WARN_64_TO_32_BIT_CONVERSION = YES;
				GCC_WARN_ABOUT_RETURN_TYPE = YES_ERROR;
				GCC_WARN_UNDECLARED_SELECTOR = YES;
				GCC_WARN_UNINITIALIZED_AUTOS = YES_AGGRESSIVE;
				GCC_WARN_UNUSED_FUNCTION = YES;
				GCC_WARN_UNUSED_VARIABLE = YES;
				HEADER_SEARCH_PATHS = (
					/usr/local/include/,
					"/usr/local/opt/openssl@3/include/",
					"/opt/homebrew/opt/openssl@3/include/",
				);
				LIBRARY_SEARCH_PATHS = (
					"/usr/local/opt/openssl@3/lib/",
					"/opt/homebrew/opt/openssl@3/lib/",
				);
				MACOSX_DEPLOYMENT_TARGET = 12.3;
				MTL_ENABLE_DEBUG_INFO = NO;
				MTL_FAST_MATH = YES;
				OTHER_CPLUSPLUSFLAGS = "-std=c++20";
				OTHER_LDFLAGS = (
					"-lz",
					"-lssl",
					"-lcrypto",
				);
				SDKROOT = macosx;
			};
			name = Release;
		};
		C36364BB28E4E52F00AB52BB /* Debug */ = {
			isa = XCBuildConfiguration;
			buildSettings = {
				CLANG_ADDRESS_SANITIZER_CONTAINER_OVERFLOW = YES;
				CLANG_WARN_COMPLETION_HANDLER_MISUSE = YES;
				CLANG_WARN__EXIT_TIME_DESTRUCTORS = YES;
				CODE_SIGN_STYLE = Automatic;
				FRAMEWORK_SEARCH_PATHS = "";
				GCC_OPTIMIZATION_LEVEL = 3;
				GCC_WARN_FOUR_CHARACTER_CONSTANTS = NO;
				HEADER_SEARCH_PATHS = (
					/opt/vinc/include/,
					"/opt/homebrew/opt/openssl@3.0/include/",
				);
				LIBRARY_SEARCH_PATHS = "/opt/homebrew/opt/openssl@3.0/lib/";
				OTHER_CPLUSPLUSFLAGS = (
					"-g",
					"-Wall",
					"-Wextra",
					"-Winvalid-constexpr",
					"-std=c++20",
					"-fno-limit-debug-info",
					"-Wconstexpr-not-const",
				);
				OTHER_LDFLAGS = (
					"-lz",
					"-lssl",
					"-lcrypto",
				);
				PRODUCT_BUNDLE_IDENTIFIER = vinc.vlib;
				PRODUCT_NAME = "$(TARGET_NAME)";
				WARNING_CFLAGS = "-Wconstexpr-not-const";
				WARNING_LDFLAGS = "";
			};
			name = Debug;
		};
		C36364BC28E4E52F00AB52BB /* Release */ = {
			isa = XCBuildConfiguration;
			buildSettings = {
				CLANG_WARN_COMPLETION_HANDLER_MISUSE = YES;
				CLANG_WARN__EXIT_TIME_DESTRUCTORS = YES;
				CODE_SIGN_STYLE = Automatic;
				FRAMEWORK_SEARCH_PATHS = "";
				GCC_OPTIMIZATION_LEVEL = 3;
				GCC_WARN_FOUR_CHARACTER_CONSTANTS = NO;
				HEADER_SEARCH_PATHS = (
					/opt/vinc/include/,
					"/opt/homebrew/opt/openssl@3.0/include/",
				);
				LIBRARY_SEARCH_PATHS = "/opt/homebrew/opt/openssl@3.0/lib/";
				OTHER_CPLUSPLUSFLAGS = (
					"-g",
					"-Wall",
					"-Wextra",
					"-Winvalid-constexpr",
					"-std=c++20",
					"-fno-limit-debug-info",
					"-Wconstexpr-not-const",
				);
				OTHER_LDFLAGS = (
					"-lz",
					"-lssl",
					"-lcrypto",
				);
				PRODUCT_BUNDLE_IDENTIFIER = vinc.vlib;
				PRODUCT_NAME = "$(TARGET_NAME)";
				WARNING_CFLAGS = "-Wconstexpr-not-const";
				WARNING_LDFLAGS = "";
			};
			name = Release;
		};
/* End XCBuildConfiguration section */

/* Begin XCConfigurationList section */
		C36364AE28E4E52F00AB52BB /* Build configuration list for PBXProject "vlib" */ = {
			isa = XCConfigurationList;
			buildConfigurations = (
				C36364B828E4E52F00AB52BB /* Debug */,
				C36364B928E4E52F00AB52BB /* Release */,
			);
			defaultConfigurationIsVisible = 0;
			defaultConfigurationName = Release;
		};
		C36364BA28E4E52F00AB52BB /* Build configuration list for PBXNativeTarget "vlib" */ = {
			isa = XCConfigurationList;
			buildConfigurations = (
				C36364BB28E4E52F00AB52BB /* Debug */,
				C36364BC28E4E52F00AB52BB /* Release */,
			);
			defaultConfigurationIsVisible = 0;
			defaultConfigurationName = Release;
		};
/* End XCConfigurationList section */
	};
	rootObject = C36364AB28E4E52F00AB52BB /* Project object */;
}
